
Microsoft Visual Studio Solution File, Format Version 12.00
# Visual Studio Version 17
VisualStudioVersion = 17.7.34031.279
MinimumVisualStudioVersion = 10.0.40219.1
Project("{FAE04EC0-301F-11D3-BF4B-00C04F79EFBC}") = "WebCRUDMVCSQL", "WebCRUDMVCSQL\WebCRUDMVCSQL.csproj", "{6B3F16DE-AF44-4998-8107-F08D61D4986D}"
EndProject
Global
	GlobalSection(SolutionConfigurationPlatforms) = preSolution
		Debug|Any CPU = Debug|Any CPU
		Release|Any CPU = Release|Any CPU
	EndGlobalSection
	GlobalSection(ProjectConfigurationPlatforms) = postSolution
		{6B3F16DE-AF44-4998-8107-F08D61D4986D}.Debug|Any CPU.ActiveCfg = Debug|Any CPU
		{6B3F16DE-AF44-4998-8107-F08D61D4986D}.Debug|Any CPU.Build.0 = Debug|Any CPU
		{6B3F16DE-AF44-4998-8107-F08D61D4986D}.Release|Any CPU.ActiveCfg = Release|Any CPU
		{6B3F16DE-AF44-4998-8107-F08D61D4986D}.Release|Any CPU.Build.0 = Release|Any CPU
	EndGlobalSection
	GlobalSection(SolutionProperties) = preSolution
		HideSolutionNode = FALSE
	EndGlobalSection
	GlobalSection(ExtensibilityGlobals) = postSolution
		SolutionGuid = {96C5EC40-9A7F-47F4-B7CB-81E721AD5D67}
	EndGlobalSection
EndGlobal
